
Microsoft Visual Studio Solution File, Format Version 12.00
# Visual Studio Version 16
VisualStudioVersion = 16.0.30413.136
MinimumVisualStudioVersion = 10.0.40219.1
Project("{FAE04EC0-301F-11D3-BF4B-00C04F79EFBC}") = "SimpleFactory", "SimpleFactory\SimpleFactory.csproj", "{61BA9DD4-FA29-4F6D-A1D4-E7E5453B115C}"
EndProject
Global
	GlobalSection(SolutionConfigurationPlatforms) = preSolution
		Debug|Any CPU = Debug|Any CPU
		Release|Any CPU = Release|Any CPU
	EndGlobalSection
	GlobalSection(ProjectConfigurationPlatforms) = postSolution
		{61BA9DD4-FA29-4F6D-A1D4-E7E5453B115C}.Debug|Any CPU.ActiveCfg = Debug|Any CPU
		{61BA9DD4-FA29-4F6D-A1D4-E7E5453B115C}.Debug|Any CPU.Build.0 = Debug|Any CPU
		{61BA9DD4-FA29-4F6D-A1D4-E7E5453B115C}.Release|Any CPU.ActiveCfg = Release|Any CPU
		{61BA9DD4-FA29-4F6D-A1D4-E7E5453B115C}.Release|Any CPU.Build.0 = Release|Any CPU
	EndGlobalSection
	GlobalSection(SolutionProperties) = preSolution
		HideSolutionNode = FALSE
	EndGlobalSection
	GlobalSection(ExtensibilityGlobals) = postSolution
		SolutionGuid = {1574C951-7E85-406F-A700-8541A6D25FC1}
	EndGlobalSection
EndGlobal
