
Microsoft Visual Studio Solution File, Format Version 12.00
# Visual Studio Version 16
VisualStudioVersion = 16.0.30503.244
MinimumVisualStudioVersion = 10.0.40219.1
Project("{FAE04EC0-301F-11D3-BF4B-00C04F79EFBC}") = "Exemplo1", "Exemplo1\Exemplo1.csproj", "{847D074C-FBA8-48AA-AB30-9E28A86D92A1}"
EndProject
Project("{FAE04EC0-301F-11D3-BF4B-00C04F79EFBC}") = "Exemplo2", "Exemplo2\Exemplo2.csproj", "{1A3220A6-66D8-44CE-9988-135A35C8A00C}"
EndProject
Global
	GlobalSection(SolutionConfigurationPlatforms) = preSolution
		Debug|Any CPU = Debug|Any CPU
		Release|Any CPU = Release|Any CPU
	EndGlobalSection
	GlobalSection(ProjectConfigurationPlatforms) = postSolution
		{847D074C-FBA8-48AA-AB30-9E28A86D92A1}.Debug|Any CPU.ActiveCfg = Debug|Any CPU
		{847D074C-FBA8-48AA-AB30-9E28A86D92A1}.Debug|Any CPU.Build.0 = Debug|Any CPU
		{847D074C-FBA8-48AA-AB30-9E28A86D92A1}.Release|Any CPU.ActiveCfg = Release|Any CPU
		{847D074C-FBA8-48AA-AB30-9E28A86D92A1}.Release|Any CPU.Build.0 = Release|Any CPU
		{1A3220A6-66D8-44CE-9988-135A35C8A00C}.Debug|Any CPU.ActiveCfg = Debug|Any CPU
		{1A3220A6-66D8-44CE-9988-135A35C8A00C}.Debug|Any CPU.Build.0 = Debug|Any CPU
		{1A3220A6-66D8-44CE-9988-135A35C8A00C}.Release|Any CPU.ActiveCfg = Release|Any CPU
		{1A3220A6-66D8-44CE-9988-135A35C8A00C}.Release|Any CPU.Build.0 = Release|Any CPU
	EndGlobalSection
	GlobalSection(SolutionProperties) = preSolution
		HideSolutionNode = FALSE
	EndGlobalSection
	GlobalSection(ExtensibilityGlobals) = postSolution
		SolutionGuid = {F31EB16E-0C7A-44A4-9526-B36B11274A9E}
	EndGlobalSection
EndGlobal
