
Microsoft Visual Studio Solution File, Format Version 12.00
# Visual Studio Version 17
VisualStudioVersion = 17.5.002.0
MinimumVisualStudioVersion = 10.0.40219.1
Project("{9A19103F-16F7-4668-BE54-9A1E7A4F7556}") = "Exercicio_2", "Exercicio_2.csproj", "{4A11580F-3AA1-465F-9423-8325461BF6F8}"
EndProject
Global
	GlobalSection(SolutionConfigurationPlatforms) = preSolution
		Debug|Any CPU = Debug|Any CPU
		Release|Any CPU = Release|Any CPU
	EndGlobalSection
	GlobalSection(ProjectConfigurationPlatforms) = postSolution
		{4A11580F-3AA1-465F-9423-8325461BF6F8}.Debug|Any CPU.ActiveCfg = Debug|Any CPU
		{4A11580F-3AA1-465F-9423-8325461BF6F8}.Debug|Any CPU.Build.0 = Debug|Any CPU
		{4A11580F-3AA1-465F-9423-8325461BF6F8}.Release|Any CPU.ActiveCfg = Release|Any CPU
		{4A11580F-3AA1-465F-9423-8325461BF6F8}.Release|Any CPU.Build.0 = Release|Any CPU
	EndGlobalSection
	GlobalSection(SolutionProperties) = preSolution
		HideSolutionNode = FALSE
	EndGlobalSection
	GlobalSection(ExtensibilityGlobals) = postSolution
		SolutionGuid = {396A419F-C071-4464-B097-8E97C3EA2E59}
	EndGlobalSection
EndGlobal
