
Microsoft Visual Studio Solution File, Format Version 12.00
# Visual Studio Version 16
VisualStudioVersion = 16.0.30503.244
MinimumVisualStudioVersion = 10.0.40219.1
Project("{9A19103F-16F7-4668-BE54-9A1E7A4F7556}") = "Singleton_SingleThread", "Singleton_SingleThread\Singleton_SingleThread.csproj", "{AFA8E71D-BB5B-4434-B9A8-092B98B1851F}"
EndProject
Project("{FAE04EC0-301F-11D3-BF4B-00C04F79EFBC}") = "Single_MultiThread", "Single_MultiThread\Single_MultiThread.csproj", "{4B4C9B9B-A062-4287-92DD-E5BA74A9C678}"
EndProject
Project("{FAE04EC0-301F-11D3-BF4B-00C04F79EFBC}") = "Singleton_ThreadSafety", "Singleton_ThreadSafety\Singleton_ThreadSafety.csproj", "{B8CFF19E-2D3E-4F05-BA11-3874173F3FCE}"
EndProject
Project("{FAE04EC0-301F-11D3-BF4B-00C04F79EFBC}") = "Singleton_SemLock", "Singleton_SemLock\Singleton_SemLock.csproj", "{7E93319C-A060-4D70-A3F6-63F9B68E5A35}"
EndProject
Global
	GlobalSection(SolutionConfigurationPlatforms) = preSolution
		Debug|Any CPU = Debug|Any CPU
		Release|Any CPU = Release|Any CPU
	EndGlobalSection
	GlobalSection(ProjectConfigurationPlatforms) = postSolution
		{AFA8E71D-BB5B-4434-B9A8-092B98B1851F}.Debug|Any CPU.ActiveCfg = Debug|Any CPU
		{AFA8E71D-BB5B-4434-B9A8-092B98B1851F}.Debug|Any CPU.Build.0 = Debug|Any CPU
		{AFA8E71D-BB5B-4434-B9A8-092B98B1851F}.Release|Any CPU.ActiveCfg = Release|Any CPU
		{AFA8E71D-BB5B-4434-B9A8-092B98B1851F}.Release|Any CPU.Build.0 = Release|Any CPU
		{4B4C9B9B-A062-4287-92DD-E5BA74A9C678}.Debug|Any CPU.ActiveCfg = Debug|Any CPU
		{4B4C9B9B-A062-4287-92DD-E5BA74A9C678}.Debug|Any CPU.Build.0 = Debug|Any CPU
		{4B4C9B9B-A062-4287-92DD-E5BA74A9C678}.Release|Any CPU.ActiveCfg = Release|Any CPU
		{4B4C9B9B-A062-4287-92DD-E5BA74A9C678}.Release|Any CPU.Build.0 = Release|Any CPU
		{B8CFF19E-2D3E-4F05-BA11-3874173F3FCE}.Debug|Any CPU.ActiveCfg = Debug|Any CPU
		{B8CFF19E-2D3E-4F05-BA11-3874173F3FCE}.Debug|Any CPU.Build.0 = Debug|Any CPU
		{B8CFF19E-2D3E-4F05-BA11-3874173F3FCE}.Release|Any CPU.ActiveCfg = Release|Any CPU
		{B8CFF19E-2D3E-4F05-BA11-3874173F3FCE}.Release|Any CPU.Build.0 = Release|Any CPU
		{7E93319C-A060-4D70-A3F6-63F9B68E5A35}.Debug|Any CPU.ActiveCfg = Debug|Any CPU
		{7E93319C-A060-4D70-A3F6-63F9B68E5A35}.Debug|Any CPU.Build.0 = Debug|Any CPU
		{7E93319C-A060-4D70-A3F6-63F9B68E5A35}.Release|Any CPU.ActiveCfg = Release|Any CPU
		{7E93319C-A060-4D70-A3F6-63F9B68E5A35}.Release|Any CPU.Build.0 = Release|Any CPU
	EndGlobalSection
	GlobalSection(SolutionProperties) = preSolution
		HideSolutionNode = FALSE
	EndGlobalSection
	GlobalSection(ExtensibilityGlobals) = postSolution
		SolutionGuid = {EF5C8494-FBA6-4173-B7C5-2BFAF22966A6}
	EndGlobalSection
EndGlobal
