
Microsoft Visual Studio Solution File, Format Version 12.00
# Visual Studio Version 16
VisualStudioVersion = 16.0.30503.244
MinimumVisualStudioVersion = 10.0.40219.1
Project("{9A19103F-16F7-4668-BE54-9A1E7A4F7556}") = "Exercicio1", "Exercicio1\Exercicio1.csproj", "{31DA8375-1B90-4443-A8D9-A0852367BBE1}"
EndProject
Global
	GlobalSection(SolutionConfigurationPlatforms) = preSolution
		Debug|Any CPU = Debug|Any CPU
		Release|Any CPU = Release|Any CPU
	EndGlobalSection
	GlobalSection(ProjectConfigurationPlatforms) = postSolution
		{31DA8375-1B90-4443-A8D9-A0852367BBE1}.Debug|Any CPU.ActiveCfg = Debug|Any CPU
		{31DA8375-1B90-4443-A8D9-A0852367BBE1}.Debug|Any CPU.Build.0 = Debug|Any CPU
		{31DA8375-1B90-4443-A8D9-A0852367BBE1}.Release|Any CPU.ActiveCfg = Release|Any CPU
		{31DA8375-1B90-4443-A8D9-A0852367BBE1}.Release|Any CPU.Build.0 = Release|Any CPU
	EndGlobalSection
	GlobalSection(SolutionProperties) = preSolution
		HideSolutionNode = FALSE
	EndGlobalSection
	GlobalSection(ExtensibilityGlobals) = postSolution
		SolutionGuid = {FD27E2F0-F914-4E0C-987F-AF3D3211A9F1}
	EndGlobalSection
EndGlobal
